
Microsoft Visual Studio Solution File, Format Version 12.00
# Visual Studio Version 17
VisualStudioVersion = 17.2.32516.85
MinimumVisualStudioVersion = 10.0.40219.1
Project("{FAE04EC0-301F-11D3-BF4B-00C04F79EFBC}") = "Address_book", "Address_book\Address_book.csproj", "{27CD8DE4-E8FD-4696-86ED-976F3AD6F32F}"
EndProject
Global
	GlobalSection(SolutionConfigurationPlatforms) = preSolution
		Debug|Any CPU = Debug|Any CPU
		Release|Any CPU = Release|Any CPU
	EndGlobalSection
	GlobalSection(ProjectConfigurationPlatforms) = postSolution
		{27CD8DE4-E8FD-4696-86ED-976F3AD6F32F}.Debug|Any CPU.ActiveCfg = Debug|Any CPU
		{27CD8DE4-E8FD-4696-86ED-976F3AD6F32F}.Debug|Any CPU.Build.0 = Debug|Any CPU
		{27CD8DE4-E8FD-4696-86ED-976F3AD6F32F}.Release|Any CPU.ActiveCfg = Release|Any CPU
		{27CD8DE4-E8FD-4696-86ED-976F3AD6F32F}.Release|Any CPU.Build.0 = Release|Any CPU
	EndGlobalSection
	GlobalSection(SolutionProperties) = preSolution
		HideSolutionNode = FALSE
	EndGlobalSection
	GlobalSection(ExtensibilityGlobals) = postSolution
		SolutionGuid = {E041C5DE-EE59-4727-A71F-7D0F766A30FB}
	EndGlobalSection
EndGlobal
